// !$*UTF8*$!
{
	archiveVersion = 1;
	classes = {
	};
	objectVersion = 46;
	objects = {

/* Begin PBXBuildFile section */
		5726D16F1D8E514400E8171E /* AboutViewController.m in Sources */ = {isa = PBXBuildFile; fileRef = 5726D16E1D8E514400E8171E /* AboutViewController.m */; };
		5726D1721D8E52C800E8171E /* SettingViewController.m in Sources */ = {isa = PBXBuildFile; fileRef = 5726D1711D8E52C800E8171E /* SettingViewController.m */; };
		5726D1751D8E568400E8171E /* AdviceViewController.m in Sources */ = {isa = PBXBuildFile; fileRef = 5726D1741D8E568400E8171E /* AdviceViewController.m */; };
		5726D1781D8E8C3F00E8171E /* AccountViewController.m in Sources */ = {isa = PBXBuildFile; fileRef = 5726D1771D8E8C3F00E8171E /* AccountViewController.m */; };
		5726D17B1D8EA74400E8171E /* DatePickerCell.m in Sources */ = {isa = PBXBuildFile; fileRef = 5726D17A1D8EA74400E8171E /* DatePickerCell.m */; };
		5726D17E1D91128000E8171E /* VoiceView.m in Sources */ = {isa = PBXBuildFile; fileRef = 5726D17D1D91128000E8171E /* VoiceView.m */; };
		5726D1851D93AEC500E8171E /* BillsViewController.m in Sources */ = {isa = PBXBuildFile; fileRef = 5726D1841D93AEC500E8171E /* BillsViewController.m */; };
		5726D1881D93B55300E8171E /* BillsHeaderView.m in Sources */ = {isa = PBXBuildFile; fileRef = 5726D1871D93B55300E8171E /* BillsHeaderView.m */; };
		5726D18C1D95232400E8171E /* GuideView.m in Sources */ = {isa = PBXBuildFile; fileRef = 5726D18B1D95232400E8171E /* GuideView.m */; };
		5726D18F1DA8E66C00E8171E /* BudgetViewController.m in Sources */ = {isa = PBXBuildFile; fileRef = 5726D18E1DA8E66C00E8171E /* BudgetViewController.m */; };
		5726D1921DA9E32A00E8171E /* CategoryItem.m in Sources */ = {isa = PBXBuildFile; fileRef = 5726D1911DA9E32A00E8171E /* CategoryItem.m */; };
		5726D1951DAA391800E8171E /* CategoryViewController.m in Sources */ = {isa = PBXBuildFile; fileRef = 5726D1941DAA391800E8171E /* CategoryViewController.m */; };
		5726D1981DACD93F00E8171E /* AddCategoryViewController.m in Sources */ = {isa = PBXBuildFile; fileRef = 5726D1971DACD93F00E8171E /* AddCategoryViewController.m */; };
		579F1AD91D70374F002E9631 /* main.m in Sources */ = {isa = PBXBuildFile; fileRef = 579F1AD81D70374F002E9631 /* main.m */; };
		579F1ADF1D70374F002E9631 /* ViewController.m in Sources */ = {isa = PBXBuildFile; fileRef = 579F1ADE1D70374F002E9631 /* ViewController.m */; };
		579F1AE21D70374F002E9631 /* Main.storyboard in Resources */ = {isa = PBXBuildFile; fileRef = 579F1AE01D70374F002E9631 /* Main.storyboard */; };
		579F1AE41D70374F002E9631 /* Assets.xcassets in Resources */ = {isa = PBXBuildFile; fileRef = 579F1AE31D70374F002E9631 /* Assets.xcassets */; };
		579F1AE71D70374F002E9631 /* LaunchScreen.storyboard in Resources */ = {isa = PBXBuildFile; fileRef = 579F1AE51D70374F002E9631 /* LaunchScreen.storyboard */; };
		579F1AEF1D704138002E9631 /* Realm.framework in Frameworks */ = {isa = PBXBuildFile; fileRef = 579F1AEE1D704138002E9631 /* Realm.framework */; };
		579F1AF01D704138002E9631 /* Realm.framework in Embed Frameworks */ = {isa = PBXBuildFile; fileRef = 579F1AEE1D704138002E9631 /* Realm.framework */; settings = {ATTRIBUTES = (CodeSignOnCopy, RemoveHeadersOnCopy, ); }; };
		579F1AFA1D73E118002E9631 /* AppDelegate.m in Sources */ = {isa = PBXBuildFile; fileRef = 579F1AF71D73E117002E9631 /* AppDelegate.m */; };
		579F1AFF1D73E1A4002E9631 /* Info.plist in Resources */ = {isa = PBXBuildFile; fileRef = 579F1AFE1D73E1A4002E9631 /* Info.plist */; };
		579F1B021D73E229002E9631 /* RootViewController.m in Sources */ = {isa = PBXBuildFile; fileRef = 579F1B011D73E229002E9631 /* RootViewController.m */; };
		579F1B071D752BBA002E9631 /* MyTextCell.m in Sources */ = {isa = PBXBuildFile; fileRef = 579F1B061D752BBA002E9631 /* MyTextCell.m */; };
		579F1B2F1D75917F002E9631 /* SelfTextCell.m in Sources */ = {isa = PBXBuildFile; fileRef = 579F1B2D1D75917F002E9631 /* SelfTextCell.m */; };
		579F1B301D75917F002E9631 /* SelfTextCell.xib in Resources */ = {isa = PBXBuildFile; fileRef = 579F1B2E1D75917F002E9631 /* SelfTextCell.xib */; };
		579F1B371D76B08C002E9631 /* CoreLocation.framework in Frameworks */ = {isa = PBXBuildFile; fileRef = 579F1B361D76B08C002E9631 /* CoreLocation.framework */; };
		579F1B391D76B09A002E9631 /* CoreTelephony.framework in Frameworks */ = {isa = PBXBuildFile; fileRef = 579F1B381D76B09A002E9631 /* CoreTelephony.framework */; };
		579F1B3B1D76B0A8002E9631 /* AVFoundation.framework in Frameworks */ = {isa = PBXBuildFile; fileRef = 579F1B3A1D76B0A8002E9631 /* AVFoundation.framework */; };
		579F1B3D1D76B0B9002E9631 /* AudioToolbox.framework in Frameworks */ = {isa = PBXBuildFile; fileRef = 579F1B3C1D76B0B9002E9631 /* AudioToolbox.framework */; };
		579F1B3F1D76B0C6002E9631 /* SystemConfiguration.framework in Frameworks */ = {isa = PBXBuildFile; fileRef = 579F1B3E1D76B0C6002E9631 /* SystemConfiguration.framework */; };
		579F1B431D76B0F6002E9631 /* QuartzCore.framework in Frameworks */ = {isa = PBXBuildFile; fileRef = 579F1B421D76B0F6002E9631 /* QuartzCore.framework */; };
		579F1B451D76B107002E9631 /* CoreGraphics.framework in Frameworks */ = {isa = PBXBuildFile; fileRef = 579F1B441D76B107002E9631 /* CoreGraphics.framework */; };
		579F1B471D76B11E002E9631 /* libc++.tbd in Frameworks */ = {isa = PBXBuildFile; fileRef = 579F1B461D76B11E002E9631 /* libc++.tbd */; };
		579F1B491D76B12B002E9631 /* libz.tbd in Frameworks */ = {isa = PBXBuildFile; fileRef = 579F1B481D76B12B002E9631 /* libz.tbd */; };
		579F1B4C1D76B7ED002E9631 /* iflyMSC.framework in Frameworks */ = {isa = PBXBuildFile; fileRef = 579F1B341D76B067002E9631 /* iflyMSC.framework */; };
		579F1B501D76DA20002E9631 /* InputView.m in Sources */ = {isa = PBXBuildFile; fileRef = 579F1B4F1D76DA20002E9631 /* InputView.m */; };
		579F1B541D7833CF002E9631 /* IFlyManager.m in Sources */ = {isa = PBXBuildFile; fileRef = 579F1B531D7833CF002E9631 /* IFlyManager.m */; };
		579F1B571D783420002E9631 /* IATConfig.m in Sources */ = {isa = PBXBuildFile; fileRef = 579F1B561D783420002E9631 /* IATConfig.m */; };
		579F1B5A1D783D48002E9631 /* ISRDataHelper.m in Sources */ = {isa = PBXBuildFile; fileRef = 579F1B591D783D48002E9631 /* ISRDataHelper.m */; };
		579F1B5E1D792AAC002E9631 /* libBaiduMobStat.a in Frameworks */ = {isa = PBXBuildFile; fileRef = 579F1B5D1D792AAC002E9631 /* libBaiduMobStat.a */; };
		579F1B601D792B06002E9631 /* JavaScriptCore.framework in Frameworks */ = {isa = PBXBuildFile; fileRef = 579F1B5F1D792B06002E9631 /* JavaScriptCore.framework */; };
		579F1B621D792B14002E9631 /* libstdc++.tbd in Frameworks */ = {isa = PBXBuildFile; fileRef = 579F1B611D792B14002E9631 /* libstdc++.tbd */; };
		579F1B641D792B1E002E9631 /* Security.framework in Frameworks */ = {isa = PBXBuildFile; fileRef = 579F1B631D792B1E002E9631 /* Security.framework */; };
		579F1B6A1D7953DA002E9631 /* LeftViewController.m in Sources */ = {isa = PBXBuildFile; fileRef = 579F1B691D7953DA002E9631 /* LeftViewController.m */; };
		579F1B6D1D7957B7002E9631 /* SlideMenuViewController.m in Sources */ = {isa = PBXBuildFile; fileRef = 579F1B6C1D7957B7002E9631 /* SlideMenuViewController.m */; };
		579F1B721D7D49A4002E9631 /* AppConfig.m in Sources */ = {isa = PBXBuildFile; fileRef = 579F1B711D7D49A4002E9631 /* AppConfig.m */; };
		579F1B7B1D7D5583002E9631 /* HeaderView.m in Sources */ = {isa = PBXBuildFile; fileRef = 579F1B7A1D7D5583002E9631 /* HeaderView.m */; };
		579F1B7F1D7E67BA002E9631 /* TableHeaderView.m in Sources */ = {isa = PBXBuildFile; fileRef = 579F1B7E1D7E67BA002E9631 /* TableHeaderView.m */; };
		579F1B831D7EC869002E9631 /* MessageItem.m in Sources */ = {isa = PBXBuildFile; fileRef = 579F1B821D7EC869002E9631 /* MessageItem.m */; };
		579F1B8E1D7FF6EE002E9631 /* PopView.m in Sources */ = {isa = PBXBuildFile; fileRef = 579F1B8D1D7FF6EE002E9631 /* PopView.m */; };
		579F1B921D8022DB002E9631 /* PopViewFirstCell.m in Sources */ = {isa = PBXBuildFile; fileRef = 579F1B901D8022DB002E9631 /* PopViewFirstCell.m */; };
		579F1B931D8022DB002E9631 /* PopViewFirstCell.xib in Resources */ = {isa = PBXBuildFile; fileRef = 579F1B911D8022DB002E9631 /* PopViewFirstCell.xib */; };
		579F1B971D81093F002E9631 /* PopViewSecondCell.m in Sources */ = {isa = PBXBuildFile; fileRef = 579F1B951D81093F002E9631 /* PopViewSecondCell.m */; };
		579F1B981D81093F002E9631 /* PopViewSecondCell.xib in Resources */ = {isa = PBXBuildFile; fileRef = 579F1B961D81093F002E9631 /* PopViewSecondCell.xib */; };
		579F1B9B1D8171D0002E9631 /* GridViewCell.m in Sources */ = {isa = PBXBuildFile; fileRef = 579F1B9A1D8171D0002E9631 /* GridViewCell.m */; };
		579F1B9E1D869EF5002E9631 /* ModelManager.m in Sources */ = {isa = PBXBuildFile; fileRef = 579F1B9D1D869EF5002E9631 /* ModelManager.m */; };
		579F1BA01D891575002E9631 /* category.json in Resources */ = {isa = PBXBuildFile; fileRef = 579F1B9F1D891575002E9631 /* category.json */; };
		79721813456B6DA00AB5329D /* Pods_DidiAccounts.framework in Frameworks */ = {isa = PBXBuildFile; fileRef = 12B25F37D5156238D9105565 /* Pods_DidiAccounts.framework */; };
/* End PBXBuildFile section */

/* Begin PBXCopyFilesBuildPhase section */
		579F1AF11D704139002E9631 /* Embed Frameworks */ = {
			isa = PBXCopyFilesBuildPhase;
			buildActionMask = 2147483647;
			dstPath = "";
			dstSubfolderSpec = 10;
			files = (
				579F1AF01D704138002E9631 /* Realm.framework in Embed Frameworks */,
			);
			name = "Embed Frameworks";
			runOnlyForDeploymentPostprocessing = 0;
		};
/* End PBXCopyFilesBuildPhase section */

/* Begin PBXFileReference section */
		12B25F37D5156238D9105565 /* Pods_DidiAccounts.framework */ = {isa = PBXFileReference; explicitFileType = wrapper.framework; includeInIndex = 0; path = Pods_DidiAccounts.framework; sourceTree = BUILT_PRODUCTS_DIR; };
		353267DD4007386603591AAC /* Pods-DidiAccounts.debug.xcconfig */ = {isa = PBXFileReference; includeInIndex = 1; lastKnownFileType = text.xcconfig; name = "Pods-DidiAccounts.debug.xcconfig"; path = "Pods/Target Support Files/Pods-DidiAccounts/Pods-DidiAccounts.debug.xcconfig"; sourceTree = "<group>"; };
		5726D16D1D8E514400E8171E /* AboutViewController.h */ = {isa = PBXFileReference; fileEncoding = 4; lastKnownFileType = sourcecode.c.h; path = AboutViewController.h; sourceTree = "<group>"; };
		5726D16E1D8E514400E8171E /* AboutViewController.m */ = {isa = PBXFileReference; fileEncoding = 4; lastKnownFileType = sourcecode.c.objc; path = AboutViewController.m; sourceTree = "<group>"; };
		5726D1701D8E52C800E8171E /* SettingViewController.h */ = {isa = PBXFileReference; fileEncoding = 4; lastKnownFileType = sourcecode.c.h; path = SettingViewController.h; sourceTree = "<group>"; };
		5726D1711D8E52C800E8171E /* SettingViewController.m */ = {isa = PBXFileReference; fileEncoding = 4; lastKnownFileType = sourcecode.c.objc; path = SettingViewController.m; sourceTree = "<group>"; };
		5726D1731D8E568400E8171E /* AdviceViewController.h */ = {isa = PBXFileReference; fileEncoding = 4; lastKnownFileType = sourcecode.c.h; path = AdviceViewController.h; sourceTree = "<group>"; };
		5726D1741D8E568400E8171E /* AdviceViewController.m */ = {isa = PBXFileReference; fileEncoding = 4; lastKnownFileType = sourcecode.c.objc; path = AdviceViewController.m; sourceTree = "<group>"; };
		5726D1761D8E8C3F00E8171E /* AccountViewController.h */ = {isa = PBXFileReference; fileEncoding = 4; lastKnownFileType = sourcecode.c.h; path = AccountViewController.h; sourceTree = "<group>"; };
		5726D1771D8E8C3F00E8171E /* AccountViewController.m */ = {isa = PBXFileReference; fileEncoding = 4; lastKnownFileType = sourcecode.c.objc; path = AccountViewController.m; sourceTree = "<group>"; };
		5726D1791D8EA74400E8171E /* DatePickerCell.h */ = {isa = PBXFileReference; fileEncoding = 4; lastKnownFileType = sourcecode.c.h; path = DatePickerCell.h; sourceTree = "<group>"; };
		5726D17A1D8EA74400E8171E /* DatePickerCell.m */ = {isa = PBXFileReference; fileEncoding = 4; lastKnownFileType = sourcecode.c.objc; path = DatePickerCell.m; sourceTree = "<group>"; };
		5726D17C1D91128000E8171E /* VoiceView.h */ = {isa = PBXFileReference; fileEncoding = 4; lastKnownFileType = sourcecode.c.h; path = VoiceView.h; sourceTree = "<group>"; };
		5726D17D1D91128000E8171E /* VoiceView.m */ = {isa = PBXFileReference; fileEncoding = 4; lastKnownFileType = sourcecode.c.objc; path = VoiceView.m; sourceTree = "<group>"; };
		5726D1831D93AEC500E8171E /* BillsViewController.h */ = {isa = PBXFileReference; fileEncoding = 4; lastKnownFileType = sourcecode.c.h; path = BillsViewController.h; sourceTree = "<group>"; };
		5726D1841D93AEC500E8171E /* BillsViewController.m */ = {isa = PBXFileReference; fileEncoding = 4; lastKnownFileType = sourcecode.c.objc; path = BillsViewController.m; sourceTree = "<group>"; };
		5726D1861D93B55300E8171E /* BillsHeaderView.h */ = {isa = PBXFileReference; fileEncoding = 4; lastKnownFileType = sourcecode.c.h; path = BillsHeaderView.h; sourceTree = "<group>"; };
		5726D1871D93B55300E8171E /* BillsHeaderView.m */ = {isa = PBXFileReference; fileEncoding = 4; lastKnownFileType = sourcecode.c.objc; path = BillsHeaderView.m; sourceTree = "<group>"; };
		5726D18A1D95232400E8171E /* GuideView.h */ = {isa = PBXFileReference; fileEncoding = 4; lastKnownFileType = sourcecode.c.h; name = GuideView.h; path = ../../../Shenxianyoucai/Shenxianyoucai/CustomWidget/GuideView/GuideView.h; sourceTree = "<group>"; };
		5726D18B1D95232400E8171E /* GuideView.m */ = {isa = PBXFileReference; fileEncoding = 4; lastKnownFileType = sourcecode.c.objc; name = GuideView.m; path = ../../../Shenxianyoucai/Shenxianyoucai/CustomWidget/GuideView/GuideView.m; sourceTree = "<group>"; };
		5726D18D1DA8E66C00E8171E /* BudgetViewController.h */ = {isa = PBXFileReference; fileEncoding = 4; lastKnownFileType = sourcecode.c.h; path = BudgetViewController.h; sourceTree = "<group>"; };
		5726D18E1DA8E66C00E8171E /* BudgetViewController.m */ = {isa = PBXFileReference; fileEncoding = 4; lastKnownFileType = sourcecode.c.objc; path = BudgetViewController.m; sourceTree = "<group>"; };
		5726D1901DA9E32A00E8171E /* CategoryItem.h */ = {isa = PBXFileReference; fileEncoding = 4; lastKnownFileType = sourcecode.c.h; path = CategoryItem.h; sourceTree = "<group>"; };
		5726D1911DA9E32A00E8171E /* CategoryItem.m */ = {isa = PBXFileReference; fileEncoding = 4; lastKnownFileType = sourcecode.c.objc; path = CategoryItem.m; sourceTree = "<group>"; };
		5726D1931DAA391800E8171E /* CategoryViewController.h */ = {isa = PBXFileReference; fileEncoding = 4; lastKnownFileType = sourcecode.c.h; path = CategoryViewController.h; sourceTree = "<group>"; };
		5726D1941DAA391800E8171E /* CategoryViewController.m */ = {isa = PBXFileReference; fileEncoding = 4; lastKnownFileType = sourcecode.c.objc; path = CategoryViewController.m; sourceTree = "<group>"; };
		5726D1961DACD93F00E8171E /* AddCategoryViewController.h */ = {isa = PBXFileReference; fileEncoding = 4; lastKnownFileType = sourcecode.c.h; path = AddCategoryViewController.h; sourceTree = "<group>"; };
		5726D1971DACD93F00E8171E /* AddCategoryViewController.m */ = {isa = PBXFileReference; fileEncoding = 4; lastKnownFileType = sourcecode.c.objc; path = AddCategoryViewController.m; sourceTree = "<group>"; };
		579F1AD41D70374F002E9631 /* DidiAccounts.app */ = {isa = PBXFileReference; explicitFileType = wrapper.application; includeInIndex = 0; path = DidiAccounts.app; sourceTree = BUILT_PRODUCTS_DIR; };
		579F1AD81D70374F002E9631 /* main.m */ = {isa = PBXFileReference; lastKnownFileType = sourcecode.c.objc; path = main.m; sourceTree = "<group>"; };
		579F1ADD1D70374F002E9631 /* ViewController.h */ = {isa = PBXFileReference; lastKnownFileType = sourcecode.c.h; path = ViewController.h; sourceTree = "<group>"; };
		579F1ADE1D70374F002E9631 /* ViewController.m */ = {isa = PBXFileReference; lastKnownFileType = sourcecode.c.objc; path = ViewController.m; sourceTree = "<group>"; };
		579F1AE11D70374F002E9631 /* Base */ = {isa = PBXFileReference; lastKnownFileType = file.storyboard; name = Base; path = Base.lproj/Main.storyboard; sourceTree = "<group>"; };
		579F1AE31D70374F002E9631 /* Assets.xcassets */ = {isa = PBXFileReference; lastKnownFileType = folder.assetcatalog; path = Assets.xcassets; sourceTree = "<group>"; };
		579F1AE61D70374F002E9631 /* Base */ = {isa = PBXFileReference; lastKnownFileType = file.storyboard; name = Base; path = Base.lproj/LaunchScreen.storyboard; sourceTree = "<group>"; };
		579F1AEE1D704138002E9631 /* Realm.framework */ = {isa = PBXFileReference; lastKnownFileType = wrapper.framework; path = Realm.framework; sourceTree = "<group>"; };
		579F1AF61D73E117002E9631 /* AppDelegate.h */ = {isa = PBXFileReference; fileEncoding = 4; lastKnownFileType = sourcecode.c.h; path = AppDelegate.h; sourceTree = "<group>"; };
		579F1AF71D73E117002E9631 /* AppDelegate.m */ = {isa = PBXFileReference; fileEncoding = 4; lastKnownFileType = sourcecode.c.objc; path = AppDelegate.m; sourceTree = "<group>"; };
		579F1AFE1D73E1A4002E9631 /* Info.plist */ = {isa = PBXFileReference; fileEncoding = 4; lastKnownFileType = text.plist.xml; path = Info.plist; sourceTree = "<group>"; };
		579F1B001D73E229002E9631 /* RootViewController.h */ = {isa = PBXFileReference; fileEncoding = 4; lastKnownFileType = sourcecode.c.h; path = RootViewController.h; sourceTree = "<group>"; };
		579F1B011D73E229002E9631 /* RootViewController.m */ = {isa = PBXFileReference; fileEncoding = 4; lastKnownFileType = sourcecode.c.objc; path = RootViewController.m; sourceTree = "<group>"; };
		579F1B051D752BBA002E9631 /* MyTextCell.h */ = {isa = PBXFileReference; fileEncoding = 4; lastKnownFileType = sourcecode.c.h; path = MyTextCell.h; sourceTree = "<group>"; };
		579F1B061D752BBA002E9631 /* MyTextCell.m */ = {isa = PBXFileReference; fileEncoding = 4; lastKnownFileType = sourcecode.c.objc; path = MyTextCell.m; sourceTree = "<group>"; };
		579F1B2C1D75917F002E9631 /* SelfTextCell.h */ = {isa = PBXFileReference; fileEncoding = 4; lastKnownFileType = sourcecode.c.h; path = SelfTextCell.h; sourceTree = "<group>"; };
		579F1B2D1D75917F002E9631 /* SelfTextCell.m */ = {isa = PBXFileReference; fileEncoding = 4; lastKnownFileType = sourcecode.c.objc; path = SelfTextCell.m; sourceTree = "<group>"; };
		579F1B2E1D75917F002E9631 /* SelfTextCell.xib */ = {isa = PBXFileReference; fileEncoding = 4; lastKnownFileType = file.xib; path = SelfTextCell.xib; sourceTree = "<group>"; };
		579F1B341D76B067002E9631 /* iflyMSC.framework */ = {isa = PBXFileReference; lastKnownFileType = wrapper.framework; name = iflyMSC.framework; path = ../../../../Downloads/iOS_voice_1135_57c64650/lib/iflyMSC.framework; sourceTree = "<group>"; };
		579F1B361D76B08C002E9631 /* CoreLocation.framework */ = {isa = PBXFileReference; lastKnownFileType = wrapper.framework; name = CoreLocation.framework; path = System/Library/Frameworks/CoreLocation.framework; sourceTree = SDKROOT; };
		579F1B381D76B09A002E9631 /* CoreTelephony.framework */ = {isa = PBXFileReference; lastKnownFileType = wrapper.framework; name = CoreTelephony.framework; path = System/Library/Frameworks/CoreTelephony.framework; sourceTree = SDKROOT; };
		579F1B3A1D76B0A8002E9631 /* AVFoundation.framework */ = {isa = PBXFileReference; lastKnownFileType = wrapper.framework; name = AVFoundation.framework; path = System/Library/Frameworks/AVFoundation.framework; sourceTree = SDKROOT; };
		579F1B3C1D76B0B9002E9631 /* AudioToolbox.framework */ = {isa = PBXFileReference; lastKnownFileType = wrapper.framework; name = AudioToolbox.framework; path = System/Library/Frameworks/AudioToolbox.framework; sourceTree = SDKROOT; };
		579F1B3E1D76B0C6002E9631 /* SystemConfiguration.framework */ = {isa = PBXFileReference; lastKnownFileType = wrapper.framework; name = SystemConfiguration.framework; path = System/Library/Frameworks/SystemConfiguration.framework; sourceTree = SDKROOT; };
		579F1B401D76B0E4002E9631 /* libz.1.1.3.tbd */ = {isa = PBXFileReference; lastKnownFileType = "sourcecode.text-based-dylib-definition"; name = libz.1.1.3.tbd; path = usr/lib/libz.1.1.3.tbd; sourceTree = SDKROOT; };
		579F1B421D76B0F6002E9631 /* QuartzCore.framework */ = {isa = PBXFileReference; lastKnownFileType = wrapper.framework; name = QuartzCore.framework; path = System/Library/Frameworks/QuartzCore.framework; sourceTree = SDKROOT; };
		579F1B441D76B107002E9631 /* CoreGraphics.framework */ = {isa = PBXFileReference; lastKnownFileType = wrapper.framework; name = CoreGraphics.framework; path = System/Library/Frameworks/CoreGraphics.framework; sourceTree = SDKROOT; };
		579F1B461D76B11E002E9631 /* libc++.tbd */ = {isa = PBXFileReference; lastKnownFileType = "sourcecode.text-based-dylib-definition"; name = "libc++.tbd"; path = "usr/lib/libc++.tbd"; sourceTree = SDKROOT; };
		579F1B481D76B12B002E9631 /* libz.tbd */ = {isa = PBXFileReference; lastKnownFileType = "sourcecode.text-based-dylib-definition"; name = libz.tbd; path = usr/lib/libz.tbd; sourceTree = SDKROOT; };
		579F1B4A1D76B1C8002E9631 /* iflyMSC.framework */ = {isa = PBXFileReference; lastKnownFileType = wrapper.framework; path = iflyMSC.framework; sourceTree = "<group>"; };
		579F1B4E1D76DA20002E9631 /* InputView.h */ = {isa = PBXFileReference; fileEncoding = 4; lastKnownFileType = sourcecode.c.h; path = InputView.h; sourceTree = "<group>"; };
		579F1B4F1D76DA20002E9631 /* InputView.m */ = {isa = PBXFileReference; fileEncoding = 4; lastKnownFileType = sourcecode.c.objc; path = InputView.m; sourceTree = "<group>"; };
		579F1B521D7833CF002E9631 /* IFlyManager.h */ = {isa = PBXFileReference; fileEncoding = 4; lastKnownFileType = sourcecode.c.h; path = IFlyManager.h; sourceTree = "<group>"; };
		579F1B531D7833CF002E9631 /* IFlyManager.m */ = {isa = PBXFileReference; fileEncoding = 4; lastKnownFileType = sourcecode.c.objc; path = IFlyManager.m; sourceTree = "<group>"; };
		579F1B551D783420002E9631 /* IATConfig.h */ = {isa = PBXFileReference; fileEncoding = 4; lastKnownFileType = sourcecode.c.h; path = IATConfig.h; sourceTree = "<group>"; };
		579F1B561D783420002E9631 /* IATConfig.m */ = {isa = PBXFileReference; fileEncoding = 4; lastKnownFileType = sourcecode.c.objc; path = IATConfig.m; sourceTree = "<group>"; };
		579F1B581D783D48002E9631 /* ISRDataHelper.h */ = {isa = PBXFileReference; fileEncoding = 4; lastKnownFileType = sourcecode.c.h; path = ISRDataHelper.h; sourceTree = "<group>"; };
		579F1B591D783D48002E9631 /* ISRDataHelper.m */ = {isa = PBXFileReference; fileEncoding = 4; lastKnownFileType = sourcecode.c.objc; path = ISRDataHelper.m; sourceTree = "<group>"; };
		579F1B5C1D792AAC002E9631 /* BaiduMobStat.h */ = {isa = PBXFileReference; fileEncoding = 4; lastKnownFileType = sourcecode.c.h; path = BaiduMobStat.h; sourceTree = "<group>"; };
		579F1B5D1D792AAC002E9631 /* libBaiduMobStat.a */ = {isa = PBXFileReference; lastKnownFileType = archive.ar; path = libBaiduMobStat.a; sourceTree = "<group>"; };
		579F1B5F1D792B06002E9631 /* JavaScriptCore.framework */ = {isa = PBXFileReference; lastKnownFileType = wrapper.framework; name = JavaScriptCore.framework; path = System/Library/Frameworks/JavaScriptCore.framework; sourceTree = SDKROOT; };
		579F1B611D792B14002E9631 /* libstdc++.tbd */ = {isa = PBXFileReference; lastKnownFileType = "sourcecode.text-based-dylib-definition"; name = "libstdc++.tbd"; path = "usr/lib/libstdc++.tbd"; sourceTree = SDKROOT; };
		579F1B631D792B1E002E9631 /* Security.framework */ = {isa = PBXFileReference; lastKnownFileType = wrapper.framework; name = Security.framework; path = System/Library/Frameworks/Security.framework; sourceTree = SDKROOT; };
		579F1B681D7953DA002E9631 /* LeftViewController.h */ = {isa = PBXFileReference; fileEncoding = 4; lastKnownFileType = sourcecode.c.h; path = LeftViewController.h; sourceTree = "<group>"; };
		579F1B691D7953DA002E9631 /* LeftViewController.m */ = {isa = PBXFileReference; fileEncoding = 4; lastKnownFileType = sourcecode.c.objc; path = LeftViewController.m; sourceTree = "<group>"; };
		579F1B6B1D7957B7002E9631 /* SlideMenuViewController.h */ = {isa = PBXFileReference; fileEncoding = 4; lastKnownFileType = sourcecode.c.h; path = SlideMenuViewController.h; sourceTree = "<group>"; };
		579F1B6C1D7957B7002E9631 /* SlideMenuViewController.m */ = {isa = PBXFileReference; fileEncoding = 4; lastKnownFileType = sourcecode.c.objc; path = SlideMenuViewController.m; sourceTree = "<group>"; };
		579F1B701D7D49A4002E9631 /* AppConfig.h */ = {isa = PBXFileReference; fileEncoding = 4; lastKnownFileType = sourcecode.c.h; path = AppConfig.h; sourceTree = "<group>"; };
		579F1B711D7D49A4002E9631 /* AppConfig.m */ = {isa = PBXFileReference; fileEncoding = 4; lastKnownFileType = sourcecode.c.objc; path = AppConfig.m; sourceTree = "<group>"; };
		579F1B791D7D5583002E9631 /* HeaderView.h */ = {isa = PBXFileReference; fileEncoding = 4; lastKnownFileType = sourcecode.c.h; path = HeaderView.h; sourceTree = "<group>"; };
		579F1B7A1D7D5583002E9631 /* HeaderView.m */ = {isa = PBXFileReference; fileEncoding = 4; lastKnownFileType = sourcecode.c.objc; path = HeaderView.m; sourceTree = "<group>"; };
		579F1B7D1D7E67BA002E9631 /* TableHeaderView.h */ = {isa = PBXFileReference; fileEncoding = 4; lastKnownFileType = sourcecode.c.h; path = TableHeaderView.h; sourceTree = "<group>"; };
		579F1B7E1D7E67BA002E9631 /* TableHeaderView.m */ = {isa = PBXFileReference; fileEncoding = 4; lastKnownFileType = sourcecode.c.objc; path = TableHeaderView.m; sourceTree = "<group>"; };
		579F1B811D7EC869002E9631 /* MessageItem.h */ = {isa = PBXFileReference; fileEncoding = 4; lastKnownFileType = sourcecode.c.h; path = MessageItem.h; sourceTree = "<group>"; };
		579F1B821D7EC869002E9631 /* MessageItem.m */ = {isa = PBXFileReference; fileEncoding = 4; lastKnownFileType = sourcecode.c.objc; path = MessageItem.m; sourceTree = "<group>"; };
		579F1B8C1D7FF6EE002E9631 /* PopView.h */ = {isa = PBXFileReference; fileEncoding = 4; lastKnownFileType = sourcecode.c.h; path = PopView.h; sourceTree = "<group>"; };
		579F1B8D1D7FF6EE002E9631 /* PopView.m */ = {isa = PBXFileReference; fileEncoding = 4; lastKnownFileType = sourcecode.c.objc; path = PopView.m; sourceTree = "<group>"; };
		579F1B8F1D8022DB002E9631 /* PopViewFirstCell.h */ = {isa = PBXFileReference; fileEncoding = 4; lastKnownFileType = sourcecode.c.h; path = PopViewFirstCell.h; sourceTree = "<group>"; };
		579F1B901D8022DB002E9631 /* PopViewFirstCell.m */ = {isa = PBXFileReference; fileEncoding = 4; lastKnownFileType = sourcecode.c.objc; path = PopViewFirstCell.m; sourceTree = "<group>"; };
		579F1B911D8022DB002E9631 /* PopViewFirstCell.xib */ = {isa = PBXFileReference; fileEncoding = 4; lastKnownFileType = file.xib; path = PopViewFirstCell.xib; sourceTree = "<group>"; };
		579F1B941D81093F002E9631 /* PopViewSecondCell.h */ = {isa = PBXFileReference; fileEncoding = 4; lastKnownFileType = sourcecode.c.h; path = PopViewSecondCell.h; sourceTree = "<group>"; };
		579F1B951D81093F002E9631 /* PopViewSecondCell.m */ = {isa = PBXFileReference; fileEncoding = 4; lastKnownFileType = sourcecode.c.objc; path = PopViewSecondCell.m; sourceTree = "<group>"; };
		579F1B961D81093F002E9631 /* PopViewSecondCell.xib */ = {isa = PBXFileReference; fileEncoding = 4; lastKnownFileType = file.xib; path = PopViewSecondCell.xib; sourceTree = "<group>"; };
		579F1B991D8171D0002E9631 /* GridViewCell.h */ = {isa = PBXFileReference; fileEncoding = 4; lastKnownFileType = sourcecode.c.h; path = GridViewCell.h; sourceTree = "<group>"; };
		579F1B9A1D8171D0002E9631 /* GridViewCell.m */ = {isa = PBXFileReference; fileEncoding = 4; lastKnownFileType = sourcecode.c.objc; path = GridViewCell.m; sourceTree = "<group>"; };
		579F1B9C1D869EF5002E9631 /* ModelManager.h */ = {isa = PBXFileReference; fileEncoding = 4; lastKnownFileType = sourcecode.c.h; path = ModelManager.h; sourceTree = "<group>"; };
		579F1B9D1D869EF5002E9631 /* ModelManager.m */ = {isa = PBXFileReference; fileEncoding = 4; lastKnownFileType = sourcecode.c.objc; path = ModelManager.m; sourceTree = "<group>"; };
		579F1B9F1D891575002E9631 /* category.json */ = {isa = PBXFileReference; fileEncoding = 4; lastKnownFileType = text.json; name = category.json; path = ../../../../../category.json; sourceTree = "<group>"; };
		8B942C258AB5B456C569AAE1 /* Pods-DidiAccounts.release.xcconfig */ = {isa = PBXFileReference; includeInIndex = 1; lastKnownFileType = text.xcconfig; name = "Pods-DidiAccounts.release.xcconfig"; path = "Pods/Target Support Files/Pods-DidiAccounts/Pods-DidiAccounts.release.xcconfig"; sourceTree = "<group>"; };
/* End PBXFileReference section */

/* Begin PBXFrameworksBuildPhase section */
		579F1AD11D70374F002E9631 /* Frameworks */ = {
			isa = PBXFrameworksBuildPhase;
			buildActionMask = 2147483647;
			files = (
				579F1B641D792B1E002E9631 /* Security.framework in Frameworks */,
				579F1B621D792B14002E9631 /* libstdc++.tbd in Frameworks */,
				579F1B601D792B06002E9631 /* JavaScriptCore.framework in Frameworks */,
				579F1B4C1D76B7ED002E9631 /* iflyMSC.framework in Frameworks */,
				579F1B491D76B12B002E9631 /* libz.tbd in Frameworks */,
				579F1B471D76B11E002E9631 /* libc++.tbd in Frameworks */,
				579F1B451D76B107002E9631 /* CoreGraphics.framework in Frameworks */,
				579F1B431D76B0F6002E9631 /* QuartzCore.framework in Frameworks */,
				579F1B3F1D76B0C6002E9631 /* SystemConfiguration.framework in Frameworks */,
				579F1B3D1D76B0B9002E9631 /* AudioToolbox.framework in Frameworks */,
				579F1B3B1D76B0A8002E9631 /* AVFoundation.framework in Frameworks */,
				579F1B5E1D792AAC002E9631 /* libBaiduMobStat.a in Frameworks */,
				579F1B391D76B09A002E9631 /* CoreTelephony.framework in Frameworks */,
				579F1B371D76B08C002E9631 /* CoreLocation.framework in Frameworks */,
				579F1AEF1D704138002E9631 /* Realm.framework in Frameworks */,
				79721813456B6DA00AB5329D /* Pods_DidiAccounts.framework in Frameworks */,
			);
			runOnlyForDeploymentPostprocessing = 0;
		};
/* End PBXFrameworksBuildPhase section */

/* Begin PBXGroup section */
		5726D1821D93AEB700E8171E /* Bills */ = {
			isa = PBXGroup;
			children = (
				5726D1831D93AEC500E8171E /* BillsViewController.h */,
				5726D1841D93AEC500E8171E /* BillsViewController.m */,
				5726D1861D93B55300E8171E /* BillsHeaderView.h */,
				5726D1871D93B55300E8171E /* BillsHeaderView.m */,
			);
			name = Bills;
			sourceTree = "<group>";
		};
		5726D1891D95230300E8171E /* UserGuide */ = {
			isa = PBXGroup;
			children = (
				5726D18A1D95232400E8171E /* GuideView.h */,
				5726D18B1D95232400E8171E /* GuideView.m */,
			);
			name = UserGuide;
			sourceTree = "<group>";
		};
		579F1ACB1D70374F002E9631 = {
			isa = PBXGroup;
			children = (
				579F1B4A1D76B1C8002E9631 /* iflyMSC.framework */,
				579F1AEE1D704138002E9631 /* Realm.framework */,
				579F1AD61D70374F002E9631 /* DidiAccounts */,
				579F1AD51D70374F002E9631 /* Products */,
				91C37323191292B74E4F0059 /* Pods */,
				DF102870FAF5B14981AF18CE /* Frameworks */,
			);
			sourceTree = "<group>";
		};
		579F1AD51D70374F002E9631 /* Products */ = {
			isa = PBXGroup;
			children = (
				579F1AD41D70374F002E9631 /* DidiAccounts.app */,
			);
			name = Products;
			sourceTree = "<group>";
		};
		579F1AD61D70374F002E9631 /* DidiAccounts */ = {
			isa = PBXGroup;
			children = (
				5726D1891D95230300E8171E /* UserGuide */,
				5726D1821D93AEB700E8171E /* Bills */,
				579F1B8B1D7FF6E1002E9631 /* PopView */,
				579F1B801D7EC85A002E9631 /* Model */,
				579F1B7C1D7E67A9002E9631 /* TableHeaderView */,
				579F1B731D7D537A002E9631 /* HeaderView */,
				579F1B671D7953CB002E9631 /* LeftViewController */,
				579F1B661D7953A3002E9631 /* SlideMenu */,
				579F1B5B1D792AAC002E9631 /* BaiduMob */,
				579F1B511D7833B5002E9631 /* iFly */,
				579F1B4D1D76DA0D002E9631 /* InputView */,
				579F1B041D743B97002E9631 /* ChatCell */,
				579F1AFD1D73E11F002E9631 /* RootViewController */,
				579F1AF51D73E117002E9631 /* AppConfigure */,
				579F1ADD1D70374F002E9631 /* ViewController.h */,
				579F1ADE1D70374F002E9631 /* ViewController.m */,
				579F1AE01D70374F002E9631 /* Main.storyboard */,
				579F1AE31D70374F002E9631 /* Assets.xcassets */,
				579F1AE51D70374F002E9631 /* LaunchScreen.storyboard */,
				579F1AFE1D73E1A4002E9631 /* Info.plist */,
				579F1AD71D70374F002E9631 /* Supporting Files */,
			);
			path = DidiAccounts;
			sourceTree = "<group>";
		};
		579F1AD71D70374F002E9631 /* Supporting Files */ = {
			isa = PBXGroup;
			children = (
				579F1AD81D70374F002E9631 /* main.m */,
			);
			name = "Supporting Files";
			sourceTree = "<group>";
		};
		579F1AF51D73E117002E9631 /* AppConfigure */ = {
			isa = PBXGroup;
			children = (
				579F1AF61D73E117002E9631 /* AppDelegate.h */,
				579F1AF71D73E117002E9631 /* AppDelegate.m */,
				579F1B701D7D49A4002E9631 /* AppConfig.h */,
				579F1B711D7D49A4002E9631 /* AppConfig.m */,
			);
			path = AppConfigure;
			sourceTree = "<group>";
		};
		579F1AFD1D73E11F002E9631 /* RootViewController */ = {
			isa = PBXGroup;
			children = (
				579F1B001D73E229002E9631 /* RootViewController.h */,
				579F1B011D73E229002E9631 /* RootViewController.m */,
			);
			path = RootViewController;
			sourceTree = "<group>";
		};
		579F1B041D743B97002E9631 /* ChatCell */ = {
			isa = PBXGroup;
			children = (
				579F1B051D752BBA002E9631 /* MyTextCell.h */,
				579F1B061D752BBA002E9631 /* MyTextCell.m */,
				579F1B2C1D75917F002E9631 /* SelfTextCell.h */,
				579F1B2D1D75917F002E9631 /* SelfTextCell.m */,
				579F1B2E1D75917F002E9631 /* SelfTextCell.xib */,
			);
			path = ChatCell;
			sourceTree = "<group>";
		};
		579F1B4D1D76DA0D002E9631 /* InputView */ = {
			isa = PBXGroup;
			children = (
				579F1B4E1D76DA20002E9631 /* InputView.h */,
				579F1B4F1D76DA20002E9631 /* InputView.m */,
				5726D17C1D91128000E8171E /* VoiceView.h */,
				5726D17D1D91128000E8171E /* VoiceView.m */,
			);
			path = InputView;
			sourceTree = "<group>";
		};
		579F1B511D7833B5002E9631 /* iFly */ = {
			isa = PBXGroup;
			children = (
				579F1B581D783D48002E9631 /* ISRDataHelper.h */,
				579F1B591D783D48002E9631 /* ISRDataHelper.m */,
				579F1B551D783420002E9631 /* IATConfig.h */,
				579F1B561D783420002E9631 /* IATConfig.m */,
				579F1B521D7833CF002E9631 /* IFlyManager.h */,
				579F1B531D7833CF002E9631 /* IFlyManager.m */,
			);
			path = iFly;
			sourceTree = "<group>";
		};
		579F1B5B1D792AAC002E9631 /* BaiduMob */ = {
			isa = PBXGroup;
			children = (
				579F1B5C1D792AAC002E9631 /* BaiduMobStat.h */,
				579F1B5D1D792AAC002E9631 /* libBaiduMobStat.a */,
			);
			path = BaiduMob;
			sourceTree = "<group>";
		};
		579F1B661D7953A3002E9631 /* SlideMenu */ = {
			isa = PBXGroup;
			children = (
				579F1B6B1D7957B7002E9631 /* SlideMenuViewController.h */,
				579F1B6C1D7957B7002E9631 /* SlideMenuViewController.m */,
			);
			path = SlideMenu;
			sourceTree = "<group>";
		};
		579F1B671D7953CB002E9631 /* LeftViewController */ = {
			isa = PBXGroup;
			children = (
				579F1B681D7953DA002E9631 /* LeftViewController.h */,
				579F1B691D7953DA002E9631 /* LeftViewController.m */,
				5726D16D1D8E514400E8171E /* AboutViewController.h */,
				5726D16E1D8E514400E8171E /* AboutViewController.m */,
				5726D1701D8E52C800E8171E /* SettingViewController.h */,
				5726D1711D8E52C800E8171E /* SettingViewController.m */,
				5726D1731D8E568400E8171E /* AdviceViewController.h */,
				5726D1741D8E568400E8171E /* AdviceViewController.m */,
				5726D1761D8E8C3F00E8171E /* AccountViewController.h */,
				5726D1771D8E8C3F00E8171E /* AccountViewController.m */,
				5726D18D1DA8E66C00E8171E /* BudgetViewController.h */,
				5726D18E1DA8E66C00E8171E /* BudgetViewController.m */,
				5726D1931DAA391800E8171E /* CategoryViewController.h */,
				5726D1941DAA391800E8171E /* CategoryViewController.m */,
				5726D1961DACD93F00E8171E /* AddCategoryViewController.h */,
				5726D1971DACD93F00E8171E /* AddCategoryViewController.m */,
			);
			path = LeftViewController;
			sourceTree = "<group>";
		};
		579F1B731D7D537A002E9631 /* HeaderView */ = {
			isa = PBXGroup;
			children = (
				579F1B791D7D5583002E9631 /* HeaderView.h */,
				579F1B7A1D7D5583002E9631 /* HeaderView.m */,
			);
			path = HeaderView;
			sourceTree = "<group>";
		};
		579F1B7C1D7E67A9002E9631 /* TableHeaderView */ = {
			isa = PBXGroup;
			children = (
				579F1B7D1D7E67BA002E9631 /* TableHeaderView.h */,
				579F1B7E1D7E67BA002E9631 /* TableHeaderView.m */,
			);
			path = TableHeaderView;
			sourceTree = "<group>";
		};
		579F1B801D7EC85A002E9631 /* Model */ = {
			isa = PBXGroup;
			children = (
				579F1B9F1D891575002E9631 /* category.json */,
				579F1B811D7EC869002E9631 /* MessageItem.h */,
				579F1B821D7EC869002E9631 /* MessageItem.m */,
				579F1B9C1D869EF5002E9631 /* ModelManager.h */,
				579F1B9D1D869EF5002E9631 /* ModelManager.m */,
				5726D1901DA9E32A00E8171E /* CategoryItem.h */,
				5726D1911DA9E32A00E8171E /* CategoryItem.m */,
			);
			path = Model;
			sourceTree = "<group>";
		};
		579F1B8B1D7FF6E1002E9631 /* PopView */ = {
			isa = PBXGroup;
			children = (
				579F1B8C1D7FF6EE002E9631 /* PopView.h */,
				579F1B8D1D7FF6EE002E9631 /* PopView.m */,
				579F1B8F1D8022DB002E9631 /* PopViewFirstCell.h */,
				579F1B901D8022DB002E9631 /* PopViewFirstCell.m */,
				579F1B911D8022DB002E9631 /* PopViewFirstCell.xib */,
				579F1B941D81093F002E9631 /* PopViewSecondCell.h */,
				579F1B951D81093F002E9631 /* PopViewSecondCell.m */,
				579F1B961D81093F002E9631 /* PopViewSecondCell.xib */,
				579F1B991D8171D0002E9631 /* GridViewCell.h */,
				579F1B9A1D8171D0002E9631 /* GridViewCell.m */,
				5726D1791D8EA74400E8171E /* DatePickerCell.h */,
				5726D17A1D8EA74400E8171E /* DatePickerCell.m */,
			);
			name = PopView;
			sourceTree = "<group>";
		};
		91C37323191292B74E4F0059 /* Pods */ = {
			isa = PBXGroup;
			children = (
				353267DD4007386603591AAC /* Pods-DidiAccounts.debug.xcconfig */,
				8B942C258AB5B456C569AAE1 /* Pods-DidiAccounts.release.xcconfig */,
			);
			name = Pods;
			sourceTree = "<group>";
		};
		DF102870FAF5B14981AF18CE /* Frameworks */ = {
			isa = PBXGroup;
			children = (
				579F1B631D792B1E002E9631 /* Security.framework */,
				579F1B611D792B14002E9631 /* libstdc++.tbd */,
				579F1B5F1D792B06002E9631 /* JavaScriptCore.framework */,
				579F1B481D76B12B002E9631 /* libz.tbd */,
				579F1B461D76B11E002E9631 /* libc++.tbd */,
				579F1B441D76B107002E9631 /* CoreGraphics.framework */,
				579F1B421D76B0F6002E9631 /* QuartzCore.framework */,
				579F1B401D76B0E4002E9631 /* libz.1.1.3.tbd */,
				579F1B3E1D76B0C6002E9631 /* SystemConfiguration.framework */,
				579F1B3C1D76B0B9002E9631 /* AudioToolbox.framework */,
				579F1B3A1D76B0A8002E9631 /* AVFoundation.framework */,
				579F1B381D76B09A002E9631 /* CoreTelephony.framework */,
				579F1B361D76B08C002E9631 /* CoreLocation.framework */,
				579F1B341D76B067002E9631 /* iflyMSC.framework */,
				12B25F37D5156238D9105565 /* Pods_DidiAccounts.framework */,
			);
			name = Frameworks;
			sourceTree = "<group>";
		};
/* End PBXGroup section */

/* Begin PBXNativeTarget section */
		579F1AD31D70374F002E9631 /* DidiAccounts */ = {
			isa = PBXNativeTarget;
			buildConfigurationList = 579F1AEB1D70374F002E9631 /* Build configuration list for PBXNativeTarget "DidiAccounts" */;
			buildPhases = (
				9B453647D60563D401422875 /* [CP] Check Pods Manifest.lock */,
				579F1AD01D70374F002E9631 /* Sources */,
				579F1AD11D70374F002E9631 /* Frameworks */,
				579F1AD21D70374F002E9631 /* Resources */,
				579F1AF11D704139002E9631 /* Embed Frameworks */,
				579F1AF31D70439B002E9631 /* ShellScript */,
				AED227380754BEA2026A559D /* [CP] Embed Pods Frameworks */,
				5E59434B2DECB324E83142A1 /* [CP] Copy Pods Resources */,
			);
			buildRules = (
			);
			dependencies = (
			);
			name = DidiAccounts;
			productName = DidiAccounts;
			productReference = 579F1AD41D70374F002E9631 /* DidiAccounts.app */;
			productType = "com.apple.product-type.application";
		};
/* End PBXNativeTarget section */

/* Begin PBXProject section */
		579F1ACC1D70374F002E9631 /* Project object */ = {
			isa = PBXProject;
			attributes = {
				LastUpgradeCheck = 0730;
				ORGANIZATIONNAME = victor;
				TargetAttributes = {
					579F1AD31D70374F002E9631 = {
						CreatedOnToolsVersion = 7.3.1;
						DevelopmentTeam = 45EWE4Y3CE;
					};
				};
			};
			buildConfigurationList = 579F1ACF1D70374F002E9631 /* Build configuration list for PBXProject "DidiAccounts" */;
			compatibilityVersion = "Xcode 3.2";
			developmentRegion = English;
			hasScannedForEncodings = 0;
			knownRegions = (
				en,
				Base,
			);
			mainGroup = 579F1ACB1D70374F002E9631;
			productRefGroup = 579F1AD51D70374F002E9631 /* Products */;
			projectDirPath = "";
			projectRoot = "";
			targets = (
				579F1AD31D70374F002E9631 /* DidiAccounts */,
			);
		};
/* End PBXProject section */

/* Begin PBXResourcesBuildPhase section */
		579F1AD21D70374F002E9631 /* Resources */ = {
			isa = PBXResourcesBuildPhase;
			buildActionMask = 2147483647;
			files = (
				579F1AFF1D73E1A4002E9631 /* Info.plist in Resources */,
				579F1AE71D70374F002E9631 /* LaunchScreen.storyboard in Resources */,
				579F1AE41D70374F002E9631 /* Assets.xcassets in Resources */,
				579F1BA01D891575002E9631 /* category.json in Resources */,
				579F1B981D81093F002E9631 /* PopViewSecondCell.xib in Resources */,
				579F1B301D75917F002E9631 /* SelfTextCell.xib in Resources */,
				579F1AE21D70374F002E9631 /* Main.storyboard in Resources */,
				579F1B931D8022DB002E9631 /* PopViewFirstCell.xib in Resources */,
			);
			runOnlyForDeploymentPostprocessing = 0;
		};
/* End PBXResourcesBuildPhase section */

/* Begin PBXShellScriptBuildPhase section */
		579F1AF31D70439B002E9631 /* ShellScript */ = {
			isa = PBXShellScriptBuildPhase;
			buildActionMask = 2147483647;
			files = (
			);
			inputPaths = (
			);
			outputPaths = (
			);
			runOnlyForDeploymentPostprocessing = 0;
			shellPath = /bin/sh;
			shellScript = "#!/bin/sh\n\n#  RealmConfig.sh\n#  DidiAccounts\n#\n#  Created by 张佳宾 on 16/8/26.\n#  Copyright © 2016年 victor. All rights reserved.\nbash \"${BUILT_PRODUCTS_DIR}/${FRAMEWORKS_FOLDER_PATH}/Realm.framework/strip-frameworks.sh\"";
		};
		5E59434B2DECB324E83142A1 /* [CP] Copy Pods Resources */ = {
			isa = PBXShellScriptBuildPhase;
			buildActionMask = 2147483647;
			files = (
			);
			inputPaths = (
			);
			name = "[CP] Copy Pods Resources";
			outputPaths = (
			);
			runOnlyForDeploymentPostprocessing = 0;
			shellPath = /bin/sh;
			shellScript = "\"${SRCROOT}/Pods/Target Support Files/Pods-DidiAccounts/Pods-DidiAccounts-resources.sh\"\n";
			showEnvVarsInLog = 0;
		};
		9B453647D60563D401422875 /* [CP] Check Pods Manifest.lock */ = {
			isa = PBXShellScriptBuildPhase;
			buildActionMask = 2147483647;
			files = (
			);
			inputPaths = (
			);
			name = "[CP] Check Pods Manifest.lock";
			outputPaths = (
			);
			runOnlyForDeploymentPostprocessing = 0;
			shellPath = /bin/sh;
			shellScript = "diff \"${PODS_ROOT}/../Podfile.lock\" \"${PODS_ROOT}/Manifest.lock\" > /dev/null\nif [[ $? != 0 ]] ; then\n    cat << EOM\nerror: The sandbox is not in sync with the Podfile.lock. Run 'pod install' or update your CocoaPods installation.\nEOM\n    exit 1\nfi\n";
			showEnvVarsInLog = 0;
		};
		AED227380754BEA2026A559D /* [CP] Embed Pods Frameworks */ = {
			isa = PBXShellScriptBuildPhase;
			buildActionMask = 2147483647;
			files = (
			);
			inputPaths = (
			);
			name = "[CP] Embed Pods Frameworks";
			outputPaths = (
			);
			runOnlyForDeploymentPostprocessing = 0;
			shellPath = /bin/sh;
			shellScript = "\"${SRCROOT}/Pods/Target Support Files/Pods-DidiAccounts/Pods-DidiAccounts-frameworks.sh\"\n";
			showEnvVarsInLog = 0;
		};
/* End PBXShellScriptBuildPhase section */

/* Begin PBXSourcesBuildPhase section */
		579F1AD01D70374F002E9631 /* Sources */ = {
			isa = PBXSourcesBuildPhase;
			buildActionMask = 2147483647;
			files = (
				579F1AFA1D73E118002E9631 /* AppDelegate.m in Sources */,
				5726D17E1D91128000E8171E /* VoiceView.m in Sources */,
				579F1B071D752BBA002E9631 /* MyTextCell.m in Sources */,
				579F1B971D81093F002E9631 /* PopViewSecondCell.m in Sources */,
				579F1B501D76DA20002E9631 /* InputView.m in Sources */,
				579F1B571D783420002E9631 /* IATConfig.m in Sources */,
				5726D1981DACD93F00E8171E /* AddCategoryViewController.m in Sources */,
				579F1ADF1D70374F002E9631 /* ViewController.m in Sources */,
				579F1B921D8022DB002E9631 /* PopViewFirstCell.m in Sources */,
				579F1B8E1D7FF6EE002E9631 /* PopView.m in Sources */,
				5726D18C1D95232400E8171E /* GuideView.m in Sources */,
				5726D16F1D8E514400E8171E /* AboutViewController.m in Sources */,
				5726D18F1DA8E66C00E8171E /* BudgetViewController.m in Sources */,
				579F1B7F1D7E67BA002E9631 /* TableHeaderView.m in Sources */,
				5726D1721D8E52C800E8171E /* SettingViewController.m in Sources */,
				579F1B021D73E229002E9631 /* RootViewController.m in Sources */,
				579F1B2F1D75917F002E9631 /* SelfTextCell.m in Sources */,
				579F1B7B1D7D5583002E9631 /* HeaderView.m in Sources */,
				579F1AD91D70374F002E9631 /* main.m in Sources */,
				5726D1881D93B55300E8171E /* BillsHeaderView.m in Sources */,
				579F1B6A1D7953DA002E9631 /* LeftViewController.m in Sources */,
				579F1B9E1D869EF5002E9631 /* ModelManager.m in Sources */,
				579F1B721D7D49A4002E9631 /* AppConfig.m in Sources */,
				5726D1921DA9E32A00E8171E /* CategoryItem.m in Sources */,
				579F1B831D7EC869002E9631 /* MessageItem.m in Sources */,
				5726D1781D8E8C3F00E8171E /* AccountViewController.m in Sources */,
				5726D1951DAA391800E8171E /* CategoryViewController.m in Sources */,
				579F1B6D1D7957B7002E9631 /* SlideMenuViewController.m in Sources */,
				5726D1751D8E568400E8171E /* AdviceViewController.m in Sources */,
				579F1B5A1D783D48002E9631 /* ISRDataHelper.m in Sources */,
				579F1B9B1D8171D0002E9631 /* GridViewCell.m in Sources */,
				5726D1851D93AEC500E8171E /* BillsViewController.m in Sources */,
				579F1B541D7833CF002E9631 /* IFlyManager.m in Sources */,
				5726D17B1D8EA74400E8171E /* DatePickerCell.m in Sources */,
			);
			runOnlyForDeploymentPostprocessing = 0;
		};
/* End PBXSourcesBuildPhase section */

/* Begin PBXVariantGroup section */
		579F1AE01D70374F002E9631 /* Main.storyboard */ = {
			isa = PBXVariantGroup;
			children = (
				579F1AE11D70374F002E9631 /* Base */,
			);
			name = Main.storyboard;
			sourceTree = "<group>";
		};
		579F1AE51D70374F002E9631 /* LaunchScreen.storyboard */ = {
			isa = PBXVariantGroup;
			children = (
				579F1AE61D70374F002E9631 /* Base */,
			);
			name = LaunchScreen.storyboard;
			sourceTree = "<group>";
		};
/* End PBXVariantGroup section */

/* Begin XCBuildConfiguration section */
		579F1AE91D70374F002E9631 /* Debug */ = {
			isa = XCBuildConfiguration;
			buildSettings = {
				ALWAYS_SEARCH_USER_PATHS = NO;
				CLANG_ANALYZER_NONNULL = YES;
				CLANG_CXX_LANGUAGE_STANDARD = "gnu++0x";
				CLANG_CXX_LIBRARY = "libc++";
				CLANG_ENABLE_MODULES = YES;
				CLANG_ENABLE_OBJC_ARC = YES;
				CLANG_WARN_BOOL_CONVERSION = YES;
				CLANG_WARN_CONSTANT_CONVERSION = YES;
				CLANG_WARN_DIRECT_OBJC_ISA_USAGE = YES_ERROR;
				CLANG_WARN_EMPTY_BODY = YES;
				CLANG_WARN_ENUM_CONVERSION = YES;
				CLANG_WARN_INT_CONVERSION = YES;
				CLANG_WARN_OBJC_ROOT_CLASS = YES_ERROR;
				CLANG_WARN_UNREACHABLE_CODE = YES;
				CLANG_WARN__DUPLICATE_METHOD_MATCH = YES;
				"CODE_SIGN_IDENTITY[sdk=iphoneos*]" = "iPhone Developer";
				COPY_PHASE_STRIP = NO;
				DEBUG_INFORMATION_FORMAT = dwarf;
				ENABLE_STRICT_OBJC_MSGSEND = YES;
				ENABLE_TESTABILITY = YES;
				GCC_C_LANGUAGE_STANDARD = gnu99;
				GCC_DYNAMIC_NO_PIC = NO;
				GCC_NO_COMMON_BLOCKS = YES;
				GCC_OPTIMIZATION_LEVEL = 0;
				GCC_PREPROCESSOR_DEFINITIONS = (
					"DEBUG=1",
					"$(inherited)",
				);
				GCC_WARN_64_TO_32_BIT_CONVERSION = YES;
				GCC_WARN_ABOUT_RETURN_TYPE = YES_ERROR;
				GCC_WARN_UNDECLARED_SELECTOR = YES;
				GCC_WARN_UNINITIALIZED_AUTOS = YES_AGGRESSIVE;
				GCC_WARN_UNUSED_FUNCTION = YES;
				GCC_WARN_UNUSED_VARIABLE = YES;
				IPHONEOS_DEPLOYMENT_TARGET = 9.3;
				MTL_ENABLE_DEBUG_INFO = YES;
				ONLY_ACTIVE_ARCH = YES;
				SDKROOT = iphoneos;
				TARGETED_DEVICE_FAMILY = "1,2";
			};
			name = Debug;
		};
		579F1AEA1D70374F002E9631 /* Release */ = {
			isa = XCBuildConfiguration;
			buildSettings = {
				ALWAYS_SEARCH_USER_PATHS = NO;
				CLANG_ANALYZER_NONNULL = YES;
				CLANG_CXX_LANGUAGE_STANDARD = "gnu++0x";
				CLANG_CXX_LIBRARY = "libc++";
				CLANG_ENABLE_MODULES = YES;
				CLANG_ENABLE_OBJC_ARC = YES;
				CLANG_WARN_BOOL_CONVERSION = YES;
				CLANG_WARN_CONSTANT_CONVERSION = YES;
				CLANG_WARN_DIRECT_OBJC_ISA_USAGE = YES_ERROR;
				CLANG_WARN_EMPTY_BODY = YES;
				CLANG_WARN_ENUM_CONVERSION = YES;
				CLANG_WARN_INT_CONVERSION = YES;
				CLANG_WARN_OBJC_ROOT_CLASS = YES_ERROR;
				CLANG_WARN_UNREACHABLE_CODE = YES;
				CLANG_WARN__DUPLICATE_METHOD_MATCH = YES;
				"CODE_SIGN_IDENTITY[sdk=iphoneos*]" = "iPhone Developer";
				COPY_PHASE_STRIP = NO;
				DEBUG_INFORMATION_FORMAT = "dwarf-with-dsym";
				ENABLE_NS_ASSERTIONS = NO;
				ENABLE_STRICT_OBJC_MSGSEND = YES;
				GCC_C_LANGUAGE_STANDARD = gnu99;
				GCC_NO_COMMON_BLOCKS = YES;
				GCC_WARN_64_TO_32_BIT_CONVERSION = YES;
				GCC_WARN_ABOUT_RETURN_TYPE = YES_ERROR;
				GCC_WARN_UNDECLARED_SELECTOR = YES;
				GCC_WARN_UNINITIALIZED_AUTOS = YES_AGGRESSIVE;
				GCC_WARN_UNUSED_FUNCTION = YES;
				GCC_WARN_UNUSED_VARIABLE = YES;
				IPHONEOS_DEPLOYMENT_TARGET = 9.3;
				MTL_ENABLE_DEBUG_INFO = NO;
				SDKROOT = iphoneos;
				TARGETED_DEVICE_FAMILY = "1,2";
				VALIDATE_PRODUCT = YES;
			};
			name = Release;
		};
		579F1AEC1D70374F002E9631 /* Debug */ = {
			isa = XCBuildConfiguration;
			baseConfigurationReference = 353267DD4007386603591AAC /* Pods-DidiAccounts.debug.xcconfig */;
			buildSettings = {
				ASSETCATALOG_COMPILER_APPICON_NAME = AppIcon;
				CODE_SIGN_IDENTITY = "iPhone Developer";
				"CODE_SIGN_IDENTITY[sdk=iphoneos*]" = "iPhone Developer";
				ENABLE_BITCODE = NO;
				FRAMEWORK_SEARCH_PATHS = (
					"$(inherited)",
					"$(PROJECT_DIR)",
					"$(SRCROOT)/",
				);
				INFOPLIST_FILE = DidiAccounts/Info.plist;
				LD_RUNPATH_SEARCH_PATHS = "$(inherited) @executable_path/Frameworks";
				LIBRARY_SEARCH_PATHS = (
					"$(inherited)",
					"$(PROJECT_DIR)/DidiAccounts/BaiduMob",
				);
				PRODUCT_BUNDLE_IDENTIFIER = com.shenxian.DidiAccounts;
				PRODUCT_NAME = "$(TARGET_NAME)";
				PROVISIONING_PROFILE = "";
			};
			name = Debug;
		};
		579F1AED1D70374F002E9631 /* Release */ = {
			isa = XCBuildConfiguration;
			baseConfigurationReference = 8B942C258AB5B456C569AAE1 /* Pods-DidiAccounts.release.xcconfig */;
			buildSettings = {
				ASSETCATALOG_COMPILER_APPICON_NAME = AppIcon;
				CODE_SIGN_IDENTITY = "iPhone Developer";
				"CODE_SIGN_IDENTITY[sdk=iphoneos*]" = "iPhone Developer";
				ENABLE_BITCODE = NO;
				FRAMEWORK_SEARCH_PATHS = (
					"$(inherited)",
					"$(PROJECT_DIR)",
					"$(SRCROOT)/",
				);
				INFOPLIST_FILE = DidiAccounts/Info.plist;
				LD_RUNPATH_SEARCH_PATHS = "$(inherited) @executable_path/Frameworks";
				LIBRARY_SEARCH_PATHS = (
					"$(inherited)",
					"$(PROJECT_DIR)/DidiAccounts/BaiduMob",
				);
				PRODUCT_BUNDLE_IDENTIFIER = com.shenxian.DidiAccounts;
				PRODUCT_NAME = "$(TARGET_NAME)";
				PROVISIONING_PROFILE = "";
			};
			name = Release;
		};
/* End XCBuildConfiguration section */

/* Begin XCConfigurationList section */
		579F1ACF1D70374F002E9631 /* Build configuration list for PBXProject "DidiAccounts" */ = {
			isa = XCConfigurationList;
			buildConfigurations = (
				579F1AE91D70374F002E9631 /* Debug */,
				579F1AEA1D70374F002E9631 /* Release */,
			);
			defaultConfigurationIsVisible = 0;
			defaultConfigurationName = Release;
		};
		579F1AEB1D70374F002E9631 /* Build configuration list for PBXNativeTarget "DidiAccounts" */ = {
			isa = XCConfigurationList;
			buildConfigurations = (
				579F1AEC1D70374F002E9631 /* Debug */,
				579F1AED1D70374F002E9631 /* Release */,
			);
			defaultConfigurationIsVisible = 0;
			defaultConfigurationName = Release;
		};
/* End XCConfigurationList section */
	};
	rootObject = 579F1ACC1D70374F002E9631 /* Project object */;
}
